{
  "version": 4,
  "terraform_version": "1.2.7",
  "serial": 297,
  "lineage": "60224608-d353-b509-48f6-6c38716da793",
  "outputs": {},
  "resources": [
    {
      "mode": "data",
      "type": "ibm_is_image",
      "name": "name",
      "provider": "provider[\"registry.terraform.io/ibm-cloud/ibm\"]",
      "instances": [
        {
          "schema_version": 0,
          "attributes": {
            "architecture": "amd64",
            "checksum": "7de54feea4e7a02b88b72ed633444b7c7b50f42ed8288b11635d2800d2f9df4a",
            "crn": "crn:v1:bluemix:public:is:br-sao:a/811f8abfbd32425597dc7ba40da98fa6::image:r042-ac83ed5a-2b01-49e7-b81f-e9be518c74ce",
            "encryption": "none",
            "encryption_key": null,
            "id": "r042-ac83ed5a-2b01-49e7-b81f-e9be518c74ce",
            "name": "ibm-centos-7-9-minimal-amd64-7",
            "os": "centos-7-amd64",
            "status": "deprecated",
            "visibility": "public"
          },
          "sensitive_attributes": []
        }
      ]
    },
    {
      "mode": "data",
      "type": "ibm_is_ssh_key",
      "name": "ssh_key",
      "provider": "provider[\"registry.terraform.io/ibm-cloud/ibm\"]",
      "instances": [
        {
          "schema_version": 0,
          "attributes": {
            "fingerprint": "SHA256:KpCAj2B4N1v1y7rEbjiklI3wegHpSEgQZC6TO10VasA",
            "id": "r042-34a00a54-d4b1-4788-889e-c179b106785b",
            "length": 4096,
            "name": "ssh-rafael",
            "public_key": "ssh-rsa AAAAB3NzaC1yc2EAAAADAQABAAABgQC7EEx6uzw2Pve6/33rWgeWhBfOm4tNKs83oRIlU+9Nvy+tSUbugVqNn32/xZYz5emEp6WWQMZ9LMxKtNV3i16HfmlIievloPuLK3cX/4RUCgpRFi/wUmhlTQC2jvkA7y8HoHN+mg9kzkKcbzpVm7rmOQ1FlTBC7y0d0Qjg3zbspSqywJ4LfT/XsAR44l4mnF/IiH9KEbgO7L4ii1kYu/LoI0fymbVBPY8JAUkhy1uhkjdX3UWJkTH6nfGyMc7Ea8E9lKzErvsd7xsY4XNvSfm7J5BF0NvHc676PnK9l3xB9ZtPQJQ2lqRVtHpMYdslY5uIko9vol0peFl/Co3/I74PStzP4LHaThqVg+b+0fXWbOcN3fDYkDzVz+x+b1pHC0PsY//c1FGW3xp1UIndYCD/9OI7DsJI1F6xFC9tXbzhLf74i89cjXJmKjR4RKaFWG0AgjnetnBObHjKUd8Wok91KC9t+waiGQvpvz/2FeAvwn3l+tvssbumnugVkzraZ+c=",
            "resource_controller_url": "https://cloud.ibm.com/vpc/compute/sshKeys",
            "resource_crn": "crn:v1:bluemix:public:is:br-sao:a/dd38434108cf46bfa9849bbaa8c80aac::key:r042-34a00a54-d4b1-4788-889e-c179b106785b",
            "resource_group_name": "095733377e0c45be86db243c4f15696a",
            "resource_name": "ssh-rafael",
            "type": "rsa"
          },
          "sensitive_attributes": []
        }
      ]
    },
    {
      "mode": "data",
      "type": "ibm_resource_group",
      "name": "rg",
      "provider": "provider[\"registry.terraform.io/ibm-cloud/ibm\"]",
      "instances": [
        {
          "schema_version": 0,
          "attributes": {
            "id": "095733377e0c45be86db243c4f15696a",
            "is_default": null,
            "name": "RG-Rafael"
          },
          "sensitive_attributes": []
        }
      ]
    },
    {
      "mode": "managed",
      "type": "ibm_is_floating_ip",
      "name": "fip1",
      "provider": "provider[\"registry.terraform.io/ibm-cloud/ibm\"]",
      "instances": [
        {
          "index_key": 0,
          "schema_version": 0,
          "attributes": {
            "address": "13.116.84.161",
            "id": "r042-3a0df0fe-0e41-4aa4-9d89-c38468693d6c",
            "name": "fip-vsi-subnet1-000",
            "resource_controller_url": "https://cloud.ibm.com/vpc-ext/network/floatingIPs",
            "resource_crn": "crn:v1:bluemix:public:is:br-sao-1:a/dd38434108cf46bfa9849bbaa8c80aac::floating-ip:r042-3a0df0fe-0e41-4aa4-9d89-c38468693d6c",
            "resource_group": "095733377e0c45be86db243c4f15696a",
            "resource_group_name": "RG-Rafael",
            "resource_name": "fip-vsi-subnet1-000",
            "resource_status": "available",
            "status": "available",
            "tags": [],
            "target": "02t7-98f9a984-885c-441c-b66a-25571b679955",
            "timeouts": null,
            "zone": "br-sao-1"
          },
          "sensitive_attributes": [],
          "private": "eyJlMmJmYjczMC1lY2FhLTExZTYtOGY4OC0zNDM2M2JjN2M0YzAiOnsiY3JlYXRlIjo2MDAwMDAwMDAwMDAsImRlbGV0ZSI6NjAwMDAwMDAwMDAwfX0=",
          "dependencies": [
            "data.ibm_resource_group.rg",
            "ibm_is_instance.vsi1"
          ]
        },
        {
          "index_key": 1,
          "schema_version": 0,
          "attributes": {
            "address": "13.116.84.160",
            "id": "r042-323ecf1b-cb69-4684-983e-318b14788a96",
            "name": "fip-vsi-subnet1-001",
            "resource_controller_url": "https://cloud.ibm.com/vpc-ext/network/floatingIPs",
            "resource_crn": "crn:v1:bluemix:public:is:br-sao-1:a/dd38434108cf46bfa9849bbaa8c80aac::floating-ip:r042-323ecf1b-cb69-4684-983e-318b14788a96",
            "resource_group": "095733377e0c45be86db243c4f15696a",
            "resource_group_name": "RG-Rafael",
            "resource_name": "fip-vsi-subnet1-001",
            "resource_status": "available",
            "status": "available",
            "tags": [],
            "target": "02t7-003119a6-834e-442e-be4b-68936f4676c6",
            "timeouts": null,
            "zone": "br-sao-1"
          },
          "sensitive_attributes": [],
          "private": "eyJlMmJmYjczMC1lY2FhLTExZTYtOGY4OC0zNDM2M2JjN2M0YzAiOnsiY3JlYXRlIjo2MDAwMDAwMDAwMDAsImRlbGV0ZSI6NjAwMDAwMDAwMDAwfX0=",
          "dependencies": [
            "data.ibm_resource_group.rg",
            "ibm_is_instance.vsi1"
          ]
        }
      ]
    },
    {
      "mode": "managed",
      "type": "ibm_is_floating_ip",
      "name": "fip2",
      "provider": "provider[\"registry.terraform.io/ibm-cloud/ibm\"]",
      "instances": [
        {
          "index_key": 0,
          "schema_version": 0,
          "attributes": {
            "address": "163.107.82.44",
            "id": "r042-4e6f059c-b1aa-492d-af2d-73689a182dd8",
            "name": "fip-vsi-subnet2-000",
            "resource_controller_url": "https://cloud.ibm.com/vpc-ext/network/floatingIPs",
            "resource_crn": "crn:v1:bluemix:public:is:br-sao-2:a/dd38434108cf46bfa9849bbaa8c80aac::floating-ip:r042-4e6f059c-b1aa-492d-af2d-73689a182dd8",
            "resource_group": "095733377e0c45be86db243c4f15696a",
            "resource_group_name": "RG-Rafael",
            "resource_name": "fip-vsi-subnet2-000",
            "resource_status": "available",
            "status": "available",
            "tags": [],
            "target": "02u7-f083fd09-c8de-4365-81f4-f77d030e0027",
            "timeouts": null,
            "zone": "br-sao-2"
          },
          "sensitive_attributes": [],
          "private": "eyJlMmJmYjczMC1lY2FhLTExZTYtOGY4OC0zNDM2M2JjN2M0YzAiOnsiY3JlYXRlIjo2MDAwMDAwMDAwMDAsImRlbGV0ZSI6NjAwMDAwMDAwMDAwfX0=",
          "dependencies": [
            "data.ibm_resource_group.rg",
            "ibm_is_instance.vsi2"
          ]
        },
        {
          "index_key": 1,
          "schema_version": 0,
          "attributes": {
            "address": "163.107.85.97",
            "id": "r042-c0c9ccf7-ba64-46a0-b2ea-facf8cd1e71e",
            "name": "fip-vsi-subnet2-001",
            "resource_controller_url": "https://cloud.ibm.com/vpc-ext/network/floatingIPs",
            "resource_crn": "crn:v1:bluemix:public:is:br-sao-2:a/dd38434108cf46bfa9849bbaa8c80aac::floating-ip:r042-c0c9ccf7-ba64-46a0-b2ea-facf8cd1e71e",
            "resource_group": "095733377e0c45be86db243c4f15696a",
            "resource_group_name": "RG-Rafael",
            "resource_name": "fip-vsi-subnet2-001",
            "resource_status": "available",
            "status": "available",
            "tags": [],
            "target": "02u7-f44abab7-70db-4c67-98c2-78d164298908",
            "timeouts": null,
            "zone": "br-sao-2"
          },
          "sensitive_attributes": [],
          "private": "eyJlMmJmYjczMC1lY2FhLTExZTYtOGY4OC0zNDM2M2JjN2M0YzAiOnsiY3JlYXRlIjo2MDAwMDAwMDAwMDAsImRlbGV0ZSI6NjAwMDAwMDAwMDAwfX0=",
          "dependencies": [
            "data.ibm_resource_group.rg",
            "ibm_is_instance.vsi2"
          ]
        }
      ]
    },
    {
      "mode": "managed",
      "type": "ibm_is_floating_ip",
      "name": "fip3",
      "provider": "provider[\"registry.terraform.io/ibm-cloud/ibm\"]",
      "instances": [
        {
          "index_key": 0,
          "schema_version": 0,
          "attributes": {
            "address": "163.109.83.200",
            "id": "r042-9ce63de0-6321-4ffa-b065-30133ba12aa9",
            "name": "fip-vsi-subnet3-000",
            "resource_controller_url": "https://cloud.ibm.com/vpc-ext/network/floatingIPs",
            "resource_crn": "crn:v1:bluemix:public:is:br-sao-3:a/dd38434108cf46bfa9849bbaa8c80aac::floating-ip:r042-9ce63de0-6321-4ffa-b065-30133ba12aa9",
            "resource_group": "095733377e0c45be86db243c4f15696a",
            "resource_group_name": "RG-Rafael",
            "resource_name": "fip-vsi-subnet3-000",
            "resource_status": "available",
            "status": "available",
            "tags": [],
            "target": "02v7-7f7167c6-c956-4678-9448-bd7bde9ab306",
            "timeouts": null,
            "zone": "br-sao-3"
          },
          "sensitive_attributes": [],
          "private": "eyJlMmJmYjczMC1lY2FhLTExZTYtOGY4OC0zNDM2M2JjN2M0YzAiOnsiY3JlYXRlIjo2MDAwMDAwMDAwMDAsImRlbGV0ZSI6NjAwMDAwMDAwMDAwfX0=",
          "dependencies": [
            "data.ibm_resource_group.rg",
            "ibm_is_instance.vsi3"
          ]
        },
        {
          "index_key": 1,
          "schema_version": 0,
          "attributes": {
            "address": "163.109.94.155",
            "id": "r042-878e81c3-c689-4751-8c5c-7f27c090cf57",
            "name": "fip-vsi-subnet3-001",
            "resource_controller_url": "https://cloud.ibm.com/vpc-ext/network/floatingIPs",
            "resource_crn": "crn:v1:bluemix:public:is:br-sao-3:a/dd38434108cf46bfa9849bbaa8c80aac::floating-ip:r042-878e81c3-c689-4751-8c5c-7f27c090cf57",
            "resource_group": "095733377e0c45be86db243c4f15696a",
            "resource_group_name": "RG-Rafael",
            "resource_name": "fip-vsi-subnet3-001",
            "resource_status": "available",
            "status": "available",
            "tags": [],
            "target": "02v7-e9b55a5f-e448-44f9-af7c-d0358386dd97",
            "timeouts": null,
            "zone": "br-sao-3"
          },
          "sensitive_attributes": [],
          "private": "eyJlMmJmYjczMC1lY2FhLTExZTYtOGY4OC0zNDM2M2JjN2M0YzAiOnsiY3JlYXRlIjo2MDAwMDAwMDAwMDAsImRlbGV0ZSI6NjAwMDAwMDAwMDAwfX0=",
          "dependencies": [
            "data.ibm_resource_group.rg",
            "ibm_is_instance.vsi3"
          ]
        }
      ]
    },
    {
      "mode": "managed",
      "type": "ibm_is_instance",
      "name": "vsi1",
      "provider": "provider[\"registry.terraform.io/ibm-cloud/ibm\"]",
      "instances": [
        {
          "index_key": 0,
          "schema_version": 0,
          "attributes": {
            "auto_delete_volume": null,
            "boot_volume": [
              {
                "encryption": "",
                "iops": 3000,
                "name": "karate-cusp-bagful-rinsing",
                "profile": "general-purpose",
                "size": 100
              }
            ],
            "dedicated_host": null,
            "dedicated_host_group": null,
            "disks": [],
            "force_recovery_time": null,
            "gpu": [],
            "id": "02t7_01e7a66a-b699-419d-8ea4-84506612363e",
            "image": "r042-ac83ed5a-2b01-49e7-b81f-e9be518c74ce",
            "keys": [
              "r042-34a00a54-d4b1-4788-889e-c179b106785b"
            ],
            "memory": 16,
            "name": "vsi-subnet1-000",
            "network_interfaces": [],
            "primary_network_interface": [
              {
                "allow_ip_spoofing": false,
                "id": "02t7-98f9a984-885c-441c-b66a-25571b679955",
                "name": "whiny-hedge-lash-cabbie",
                "port_speed": 0,
                "primary_ipv4_address": "10.250.0.5",
                "security_groups": [
                  "r042-3dbae0d9-7dc4-4c1e-a8cc-4b94f544aa6c"
                ],
                "subnet": "02t7-15922aa4-3980-4ea7-9883-d624fb216fb5"
              }
            ],
            "profile": "bx2-4x16",
            "resource_controller_url": "https://cloud.ibm.com/vpc-ext/compute/vs",
            "resource_crn": "crn:v1:bluemix:public:is:br-sao-1:a/dd38434108cf46bfa9849bbaa8c80aac::instance:02t7_01e7a66a-b699-419d-8ea4-84506612363e",
            "resource_group": "095733377e0c45be86db243c4f15696a",
            "resource_group_name": "RG-Rafael",
            "resource_name": "vsi-subnet1-000",
            "resource_status": "running",
            "status": "running",
            "tags": [],
            "timeouts": null,
            "user_data": null,
            "vcpu": [
              {
                "architecture": "amd64",
                "count": 4
              }
            ],
            "volume_attachments": [
              {
                "id": "02t7-36c71393-931a-44d1-b113-7de28b24759d",
                "name": "empathic-deputy-chimp-uproar",
                "volume_crn": "crn:v1:bluemix:public:is:br-sao-1:a/dd38434108cf46bfa9849bbaa8c80aac::volume:r042-75c938d1-fc68-4199-9c0c-af65477f9bd8",
                "volume_id": "r042-75c938d1-fc68-4199-9c0c-af65477f9bd8",
                "volume_name": "karate-cusp-bagful-rinsing"
              }
            ],
            "volumes": [],
            "vpc": "r042-81242724-0871-4bfa-bf1f-c6e0fae14500",
            "wait_before_delete": true,
            "zone": "br-sao-1"
          },
          "sensitive_attributes": [],
          "private": "eyJlMmJmYjczMC1lY2FhLTExZTYtOGY4OC0zNDM2M2JjN2M0YzAiOnsiY3JlYXRlIjoxODAwMDAwMDAwMDAwLCJkZWxldGUiOjE4MDAwMDAwMDAwMDAsInVwZGF0ZSI6MTgwMDAwMDAwMDAwMH19",
          "dependencies": [
            "data.ibm_is_image.name",
            "data.ibm_is_ssh_key.ssh_key",
            "data.ibm_resource_group.rg",
            "ibm_is_security_group.sg1",
            "ibm_is_subnet.subnets",
            "ibm_is_vpc.vpc-instance"
          ]
        },
        {
          "index_key": 1,
          "schema_version": 0,
          "attributes": {
            "auto_delete_volume": null,
            "boot_volume": [
              {
                "encryption": "",
                "iops": 3000,
                "name": "manage-garnishment-anime-endless",
                "profile": "general-purpose",
                "size": 100
              }
            ],
            "dedicated_host": null,
            "dedicated_host_group": null,
            "disks": [],
            "force_recovery_time": null,
            "gpu": [],
            "id": "02t7_491abde8-b9df-4019-abe9-261e2a908f36",
            "image": "r042-ac83ed5a-2b01-49e7-b81f-e9be518c74ce",
            "keys": [
              "r042-34a00a54-d4b1-4788-889e-c179b106785b"
            ],
            "memory": 16,
            "name": "vsi-subnet1-001",
            "network_interfaces": [],
            "primary_network_interface": [
              {
                "allow_ip_spoofing": false,
                "id": "02t7-003119a6-834e-442e-be4b-68936f4676c6",
                "name": "legume-trifocals-yearlong-chitchat",
                "port_speed": 0,
                "primary_ipv4_address": "10.250.0.4",
                "security_groups": [
                  "r042-3dbae0d9-7dc4-4c1e-a8cc-4b94f544aa6c"
                ],
                "subnet": "02t7-15922aa4-3980-4ea7-9883-d624fb216fb5"
              }
            ],
            "profile": "bx2-4x16",
            "resource_controller_url": "https://cloud.ibm.com/vpc-ext/compute/vs",
            "resource_crn": "crn:v1:bluemix:public:is:br-sao-1:a/dd38434108cf46bfa9849bbaa8c80aac::instance:02t7_491abde8-b9df-4019-abe9-261e2a908f36",
            "resource_group": "095733377e0c45be86db243c4f15696a",
            "resource_group_name": "RG-Rafael",
            "resource_name": "vsi-subnet1-001",
            "resource_status": "running",
            "status": "running",
            "tags": [],
            "timeouts": null,
            "user_data": null,
            "vcpu": [
              {
                "architecture": "amd64",
                "count": 4
              }
            ],
            "volume_attachments": [
              {
                "id": "02t7-630126c3-a62a-48d1-baa0-324b5b6126a6",
                "name": "armband-limeade-bully-gambling",
                "volume_crn": "crn:v1:bluemix:public:is:br-sao-1:a/dd38434108cf46bfa9849bbaa8c80aac::volume:r042-245e9f84-2f48-4a71-8ecd-48feafa351e9",
                "volume_id": "r042-245e9f84-2f48-4a71-8ecd-48feafa351e9",
                "volume_name": "manage-garnishment-anime-endless"
              }
            ],
            "volumes": [],
            "vpc": "r042-81242724-0871-4bfa-bf1f-c6e0fae14500",
            "wait_before_delete": true,
            "zone": "br-sao-1"
          },
          "sensitive_attributes": [],
          "private": "eyJlMmJmYjczMC1lY2FhLTExZTYtOGY4OC0zNDM2M2JjN2M0YzAiOnsiY3JlYXRlIjoxODAwMDAwMDAwMDAwLCJkZWxldGUiOjE4MDAwMDAwMDAwMDAsInVwZGF0ZSI6MTgwMDAwMDAwMDAwMH19",
          "dependencies": [
            "data.ibm_is_image.name",
            "data.ibm_is_ssh_key.ssh_key",
            "data.ibm_resource_group.rg",
            "ibm_is_security_group.sg1",
            "ibm_is_subnet.subnets",
            "ibm_is_vpc.vpc-instance"
          ]
        }
      ]
    },
    {
      "mode": "managed",
      "type": "ibm_is_instance",
      "name": "vsi2",
      "provider": "provider[\"registry.terraform.io/ibm-cloud/ibm\"]",
      "instances": [
        {
          "index_key": 0,
          "schema_version": 0,
          "attributes": {
            "auto_delete_volume": null,
            "boot_volume": [
              {
                "encryption": "",
                "iops": 3000,
                "name": "unmovable-recast-java-unfrosted",
                "profile": "general-purpose",
                "size": 100
              }
            ],
            "dedicated_host": null,
            "dedicated_host_group": null,
            "disks": [],
            "force_recovery_time": null,
            "gpu": [],
            "id": "02u7_59bb78ca-3f10-4a9a-9f6b-d02fbbca1486",
            "image": "r042-ac83ed5a-2b01-49e7-b81f-e9be518c74ce",
            "keys": [
              "r042-34a00a54-d4b1-4788-889e-c179b106785b"
            ],
            "memory": 16,
            "name": "vsi-subnet2-000",
            "network_interfaces": [],
            "primary_network_interface": [
              {
                "allow_ip_spoofing": false,
                "id": "02u7-f083fd09-c8de-4365-81f4-f77d030e0027",
                "name": "grip-upstate-struck-corrosive",
                "port_speed": 0,
                "primary_ipv4_address": "10.250.64.6",
                "security_groups": [
                  "r042-3dbae0d9-7dc4-4c1e-a8cc-4b94f544aa6c"
                ],
                "subnet": "02u7-c301bb90-6c85-484d-bd64-21ec584db606"
              }
            ],
            "profile": "bx2-4x16",
            "resource_controller_url": "https://cloud.ibm.com/vpc-ext/compute/vs",
            "resource_crn": "crn:v1:bluemix:public:is:br-sao-2:a/dd38434108cf46bfa9849bbaa8c80aac::instance:02u7_59bb78ca-3f10-4a9a-9f6b-d02fbbca1486",
            "resource_group": "095733377e0c45be86db243c4f15696a",
            "resource_group_name": "RG-Rafael",
            "resource_name": "vsi-subnet2-000",
            "resource_status": "running",
            "status": "running",
            "tags": [],
            "timeouts": null,
            "user_data": null,
            "vcpu": [
              {
                "architecture": "amd64",
                "count": 4
              }
            ],
            "volume_attachments": [
              {
                "id": "02u7-0d513f35-4f0c-4da4-8335-9a2eb01b0c4c",
                "name": "sheet-carton-untold-book",
                "volume_crn": "crn:v1:bluemix:public:is:br-sao-2:a/dd38434108cf46bfa9849bbaa8c80aac::volume:r042-e6bb562a-2a33-4c52-83af-810ca5115bad",
                "volume_id": "r042-e6bb562a-2a33-4c52-83af-810ca5115bad",
                "volume_name": "unmovable-recast-java-unfrosted"
              }
            ],
            "volumes": [],
            "vpc": "r042-81242724-0871-4bfa-bf1f-c6e0fae14500",
            "wait_before_delete": true,
            "zone": "br-sao-2"
          },
          "sensitive_attributes": [],
          "private": "eyJlMmJmYjczMC1lY2FhLTExZTYtOGY4OC0zNDM2M2JjN2M0YzAiOnsiY3JlYXRlIjoxODAwMDAwMDAwMDAwLCJkZWxldGUiOjE4MDAwMDAwMDAwMDAsInVwZGF0ZSI6MTgwMDAwMDAwMDAwMH19",
          "dependencies": [
            "data.ibm_is_image.name",
            "data.ibm_is_ssh_key.ssh_key",
            "data.ibm_resource_group.rg",
            "ibm_is_security_group.sg1",
            "ibm_is_subnet.subnets",
            "ibm_is_vpc.vpc-instance"
          ]
        },
        {
          "index_key": 1,
          "schema_version": 0,
          "attributes": {
            "auto_delete_volume": null,
            "boot_volume": [
              {
                "encryption": "",
                "iops": 3000,
                "name": "landmass-plasma-suing-expulsion",
                "profile": "general-purpose",
                "size": 100
              }
            ],
            "dedicated_host": null,
            "dedicated_host_group": null,
            "disks": [],
            "force_recovery_time": null,
            "gpu": [],
            "id": "02u7_05b55add-f20f-4fdb-8cc3-2ee8bfa6d969",
            "image": "r042-ac83ed5a-2b01-49e7-b81f-e9be518c74ce",
            "keys": [
              "r042-34a00a54-d4b1-4788-889e-c179b106785b"
            ],
            "memory": 16,
            "name": "vsi-subnet2-001",
            "network_interfaces": [],
            "primary_network_interface": [
              {
                "allow_ip_spoofing": false,
                "id": "02u7-f44abab7-70db-4c67-98c2-78d164298908",
                "name": "hefty-detour-yogurt-dilatometer",
                "port_speed": 0,
                "primary_ipv4_address": "10.250.64.4",
                "security_groups": [
                  "r042-3dbae0d9-7dc4-4c1e-a8cc-4b94f544aa6c"
                ],
                "subnet": "02u7-c301bb90-6c85-484d-bd64-21ec584db606"
              }
            ],
            "profile": "bx2-4x16",
            "resource_controller_url": "https://cloud.ibm.com/vpc-ext/compute/vs",
            "resource_crn": "crn:v1:bluemix:public:is:br-sao-2:a/dd38434108cf46bfa9849bbaa8c80aac::instance:02u7_05b55add-f20f-4fdb-8cc3-2ee8bfa6d969",
            "resource_group": "095733377e0c45be86db243c4f15696a",
            "resource_group_name": "RG-Rafael",
            "resource_name": "vsi-subnet2-001",
            "resource_status": "running",
            "status": "running",
            "tags": [],
            "timeouts": null,
            "user_data": null,
            "vcpu": [
              {
                "architecture": "amd64",
                "count": 4
              }
            ],
            "volume_attachments": [
              {
                "id": "02u7-e53c6476-bb3c-4873-baae-841ebc8293fa",
                "name": "pantry-corroding-crumpet-dangle",
                "volume_crn": "crn:v1:bluemix:public:is:br-sao-2:a/dd38434108cf46bfa9849bbaa8c80aac::volume:r042-30867d51-0ed9-46b7-a480-2ee63f7deae3",
                "volume_id": "r042-30867d51-0ed9-46b7-a480-2ee63f7deae3",
                "volume_name": "landmass-plasma-suing-expulsion"
              }
            ],
            "volumes": [],
            "vpc": "r042-81242724-0871-4bfa-bf1f-c6e0fae14500",
            "wait_before_delete": true,
            "zone": "br-sao-2"
          },
          "sensitive_attributes": [],
          "private": "eyJlMmJmYjczMC1lY2FhLTExZTYtOGY4OC0zNDM2M2JjN2M0YzAiOnsiY3JlYXRlIjoxODAwMDAwMDAwMDAwLCJkZWxldGUiOjE4MDAwMDAwMDAwMDAsInVwZGF0ZSI6MTgwMDAwMDAwMDAwMH19",
          "dependencies": [
            "data.ibm_is_image.name",
            "data.ibm_is_ssh_key.ssh_key",
            "data.ibm_resource_group.rg",
            "ibm_is_security_group.sg1",
            "ibm_is_subnet.subnets",
            "ibm_is_vpc.vpc-instance"
          ]
        }
      ]
    },
    {
      "mode": "managed",
      "type": "ibm_is_instance",
      "name": "vsi3",
      "provider": "provider[\"registry.terraform.io/ibm-cloud/ibm\"]",
      "instances": [
        {
          "index_key": 0,
          "schema_version": 0,
          "attributes": {
            "auto_delete_volume": null,
            "boot_volume": [
              {
                "encryption": "",
                "iops": 3000,
                "name": "reclusive-thumb-hut-reliance",
                "profile": "general-purpose",
                "size": 100
              }
            ],
            "dedicated_host": null,
            "dedicated_host_group": null,
            "disks": [],
            "force_recovery_time": null,
            "gpu": [],
            "id": "02v7_3470b84e-84be-4b9d-a3b0-36937f040fc7",
            "image": "r042-ac83ed5a-2b01-49e7-b81f-e9be518c74ce",
            "keys": [
              "r042-34a00a54-d4b1-4788-889e-c179b106785b"
            ],
            "memory": 16,
            "name": "vsi-subnet3-000",
            "network_interfaces": [],
            "primary_network_interface": [
              {
                "allow_ip_spoofing": false,
                "id": "02v7-7f7167c6-c956-4678-9448-bd7bde9ab306",
                "name": "detector-swimwear-predefine-reshape",
                "port_speed": 0,
                "primary_ipv4_address": "10.250.128.5",
                "security_groups": [
                  "r042-3dbae0d9-7dc4-4c1e-a8cc-4b94f544aa6c"
                ],
                "subnet": "02v7-9e95f7c4-fe96-4ac5-a474-c6d6f18df974"
              }
            ],
            "profile": "bx2-4x16",
            "resource_controller_url": "https://cloud.ibm.com/vpc-ext/compute/vs",
            "resource_crn": "crn:v1:bluemix:public:is:br-sao-3:a/dd38434108cf46bfa9849bbaa8c80aac::instance:02v7_3470b84e-84be-4b9d-a3b0-36937f040fc7",
            "resource_group": "095733377e0c45be86db243c4f15696a",
            "resource_group_name": "RG-Rafael",
            "resource_name": "vsi-subnet3-000",
            "resource_status": "running",
            "status": "running",
            "tags": [],
            "timeouts": null,
            "user_data": null,
            "vcpu": [
              {
                "architecture": "amd64",
                "count": 4
              }
            ],
            "volume_attachments": [
              {
                "id": "02v7-79ce8c2c-60fd-433e-a7f4-5365005474ee",
                "name": "condiment-putt-alias-uncharted",
                "volume_crn": "crn:v1:bluemix:public:is:br-sao-3:a/dd38434108cf46bfa9849bbaa8c80aac::volume:r042-154a536e-a1e2-4a2e-9206-35434ab2fbd1",
                "volume_id": "r042-154a536e-a1e2-4a2e-9206-35434ab2fbd1",
                "volume_name": "reclusive-thumb-hut-reliance"
              }
            ],
            "volumes": [],
            "vpc": "r042-81242724-0871-4bfa-bf1f-c6e0fae14500",
            "wait_before_delete": true,
            "zone": "br-sao-3"
          },
          "sensitive_attributes": [],
          "private": "eyJlMmJmYjczMC1lY2FhLTExZTYtOGY4OC0zNDM2M2JjN2M0YzAiOnsiY3JlYXRlIjoxODAwMDAwMDAwMDAwLCJkZWxldGUiOjE4MDAwMDAwMDAwMDAsInVwZGF0ZSI6MTgwMDAwMDAwMDAwMH19",
          "dependencies": [
            "data.ibm_is_image.name",
            "data.ibm_is_ssh_key.ssh_key",
            "data.ibm_resource_group.rg",
            "ibm_is_security_group.sg1",
            "ibm_is_subnet.subnets",
            "ibm_is_vpc.vpc-instance"
          ]
        },
        {
          "index_key": 1,
          "schema_version": 0,
          "attributes": {
            "auto_delete_volume": null,
            "boot_volume": [
              {
                "encryption": "",
                "iops": 3000,
                "name": "safeness-bagged-caption-dropkick",
                "profile": "general-purpose",
                "size": 100
              }
            ],
            "dedicated_host": null,
            "dedicated_host_group": null,
            "disks": [],
            "force_recovery_time": null,
            "gpu": [],
            "id": "02v7_c26b2c44-18d7-40eb-8ecd-9819ac294419",
            "image": "r042-ac83ed5a-2b01-49e7-b81f-e9be518c74ce",
            "keys": [
              "r042-34a00a54-d4b1-4788-889e-c179b106785b"
            ],
            "memory": 16,
            "name": "vsi-subnet3-001",
            "network_interfaces": [],
            "primary_network_interface": [
              {
                "allow_ip_spoofing": false,
                "id": "02v7-e9b55a5f-e448-44f9-af7c-d0358386dd97",
                "name": "ritzy-marshy-sauciness-zone",
                "port_speed": 0,
                "primary_ipv4_address": "10.250.128.4",
                "security_groups": [
                  "r042-3dbae0d9-7dc4-4c1e-a8cc-4b94f544aa6c"
                ],
                "subnet": "02v7-9e95f7c4-fe96-4ac5-a474-c6d6f18df974"
              }
            ],
            "profile": "bx2-4x16",
            "resource_controller_url": "https://cloud.ibm.com/vpc-ext/compute/vs",
            "resource_crn": "crn:v1:bluemix:public:is:br-sao-3:a/dd38434108cf46bfa9849bbaa8c80aac::instance:02v7_c26b2c44-18d7-40eb-8ecd-9819ac294419",
            "resource_group": "095733377e0c45be86db243c4f15696a",
            "resource_group_name": "RG-Rafael",
            "resource_name": "vsi-subnet3-001",
            "resource_status": "running",
            "status": "running",
            "tags": [],
            "timeouts": null,
            "user_data": null,
            "vcpu": [
              {
                "architecture": "amd64",
                "count": 4
              }
            ],
            "volume_attachments": [
              {
                "id": "02v7-caf9a971-3b69-4728-a863-c77cf6c74544",
                "name": "overhead-density-applied-twenties",
                "volume_crn": "crn:v1:bluemix:public:is:br-sao-3:a/dd38434108cf46bfa9849bbaa8c80aac::volume:r042-648b32ce-e5c1-41d6-acbb-06eb18f5e3ff",
                "volume_id": "r042-648b32ce-e5c1-41d6-acbb-06eb18f5e3ff",
                "volume_name": "safeness-bagged-caption-dropkick"
              }
            ],
            "volumes": [],
            "vpc": "r042-81242724-0871-4bfa-bf1f-c6e0fae14500",
            "wait_before_delete": true,
            "zone": "br-sao-3"
          },
          "sensitive_attributes": [],
          "private": "eyJlMmJmYjczMC1lY2FhLTExZTYtOGY4OC0zNDM2M2JjN2M0YzAiOnsiY3JlYXRlIjoxODAwMDAwMDAwMDAwLCJkZWxldGUiOjE4MDAwMDAwMDAwMDAsInVwZGF0ZSI6MTgwMDAwMDAwMDAwMH19",
          "dependencies": [
            "data.ibm_is_image.name",
            "data.ibm_is_ssh_key.ssh_key",
            "data.ibm_resource_group.rg",
            "ibm_is_security_group.sg1",
            "ibm_is_subnet.subnets",
            "ibm_is_vpc.vpc-instance"
          ]
        }
      ]
    },
    {
      "mode": "managed",
      "type": "ibm_is_security_group",
      "name": "sg1",
      "provider": "provider[\"registry.terraform.io/ibm-cloud/ibm\"]",
      "instances": [
        {
          "schema_version": 0,
          "attributes": {
            "crn": "crn:v1:bluemix:public:is:br-sao:a/dd38434108cf46bfa9849bbaa8c80aac::security-group:r042-3dbae0d9-7dc4-4c1e-a8cc-4b94f544aa6c",
            "id": "r042-3dbae0d9-7dc4-4c1e-a8cc-4b94f544aa6c",
            "name": "vpc-demo-satellite-rafael-sg1",
            "resource_controller_url": "https://cloud.ibm.com/vpc-ext/network/securityGroups",
            "resource_crn": "crn:v1:bluemix:public:is:br-sao:a/dd38434108cf46bfa9849bbaa8c80aac::security-group:r042-3dbae0d9-7dc4-4c1e-a8cc-4b94f544aa6c",
            "resource_group": "095733377e0c45be86db243c4f15696a",
            "resource_group_name": "RG-Rafael",
            "resource_name": "vpc-demo-satellite-rafael-sg1",
            "rules": [
              {
                "code": 0,
                "direction": "inbound",
                "ip_version": "ipv4",
                "port_max": 0,
                "port_min": 0,
                "protocol": "all",
                "remote": "0.0.0.0/0",
                "type": 0
              },
              {
                "code": 0,
                "direction": "outbound",
                "ip_version": "ipv4",
                "port_max": 0,
                "port_min": 0,
                "protocol": "all",
                "remote": "0.0.0.0/0",
                "type": 0
              }
            ],
            "tags": [],
            "vpc": "r042-81242724-0871-4bfa-bf1f-c6e0fae14500"
          },
          "sensitive_attributes": [],
          "private": "bnVsbA==",
          "dependencies": [
            "data.ibm_resource_group.rg",
            "ibm_is_vpc.vpc-instance"
          ]
        }
      ]
    },
    {
      "mode": "managed",
      "type": "ibm_is_security_group_rule",
      "name": "example-egress_all",
      "provider": "provider[\"registry.terraform.io/ibm-cloud/ibm\"]",
      "instances": [
        {
          "schema_version": 0,
          "attributes": {
            "direction": "outbound",
            "group": "r042-3dbae0d9-7dc4-4c1e-a8cc-4b94f544aa6c",
            "icmp": [],
            "id": "r042-3dbae0d9-7dc4-4c1e-a8cc-4b94f544aa6c.r042-72eab48a-c835-4ab2-8267-8fa6ee839bb9",
            "ip_version": "ipv4",
            "protocol": "all",
            "related_crn": "crn:v1:bluemix:public:is:br-sao:a/dd38434108cf46bfa9849bbaa8c80aac::security-group:r042-3dbae0d9-7dc4-4c1e-a8cc-4b94f544aa6c",
            "remote": "0.0.0.0/0",
            "rule_id": "r042-72eab48a-c835-4ab2-8267-8fa6ee839bb9",
            "tcp": [],
            "udp": []
          },
          "sensitive_attributes": [],
          "private": "bnVsbA==",
          "dependencies": [
            "data.ibm_resource_group.rg",
            "ibm_is_security_group.sg1",
            "ibm_is_vpc.vpc-instance"
          ]
        }
      ]
    },
    {
      "mode": "managed",
      "type": "ibm_is_security_group_rule",
      "name": "example-ingress_all",
      "provider": "provider[\"registry.terraform.io/ibm-cloud/ibm\"]",
      "instances": [
        {
          "schema_version": 0,
          "attributes": {
            "direction": "inbound",
            "group": "r042-3dbae0d9-7dc4-4c1e-a8cc-4b94f544aa6c",
            "icmp": [],
            "id": "r042-3dbae0d9-7dc4-4c1e-a8cc-4b94f544aa6c.r042-29281eb7-5539-40fb-80d4-7479add0f2ba",
            "ip_version": "ipv4",
            "protocol": "all",
            "related_crn": "crn:v1:bluemix:public:is:br-sao:a/dd38434108cf46bfa9849bbaa8c80aac::security-group:r042-3dbae0d9-7dc4-4c1e-a8cc-4b94f544aa6c",
            "remote": "0.0.0.0/0",
            "rule_id": "r042-29281eb7-5539-40fb-80d4-7479add0f2ba",
            "tcp": [],
            "udp": []
          },
          "sensitive_attributes": [],
          "private": "bnVsbA==",
          "dependencies": [
            "data.ibm_resource_group.rg",
            "ibm_is_security_group.sg1",
            "ibm_is_vpc.vpc-instance"
          ]
        }
      ]
    },
    {
      "mode": "managed",
      "type": "ibm_is_subnet",
      "name": "subnets",
      "provider": "provider[\"registry.terraform.io/ibm-cloud/ibm\"]",
      "instances": [
        {
          "index_key": 0,
          "schema_version": 0,
          "attributes": {
            "available_ipv4_address_count": 121,
            "crn": "crn:v1:bluemix:public:is:br-sao-1:a/dd38434108cf46bfa9849bbaa8c80aac::subnet:02t7-15922aa4-3980-4ea7-9883-d624fb216fb5",
            "id": "02t7-15922aa4-3980-4ea7-9883-d624fb216fb5",
            "ip_version": "ipv4",
            "ipv4_cidr_block": "10.250.0.0/25",
            "ipv6_cidr_block": null,
            "name": "subnet-demo-satellite-1",
            "network_acl": "r042-9ba04d2f-0bb0-4985-a360-af3e879ecd73",
            "public_gateway": "",
            "resource_controller_url": "https://cloud.ibm.com/vpc-ext/network/subnets",
            "resource_crn": "crn:v1:bluemix:public:is:br-sao-1:a/dd38434108cf46bfa9849bbaa8c80aac::subnet:02t7-15922aa4-3980-4ea7-9883-d624fb216fb5",
            "resource_group": "095733377e0c45be86db243c4f15696a",
            "resource_group_name": "RG-Rafael",
            "resource_name": "subnet-demo-satellite-1",
            "resource_status": "available",
            "routing_table": "r042-f46d4bb9-beb6-4429-a5ee-5b7eb45c90d9",
            "status": "available",
            "tags": [],
            "timeouts": null,
            "total_ipv4_address_count": 128,
            "vpc": "r042-81242724-0871-4bfa-bf1f-c6e0fae14500",
            "zone": "br-sao-1"
          },
          "sensitive_attributes": [],
          "private": "eyJlMmJmYjczMC1lY2FhLTExZTYtOGY4OC0zNDM2M2JjN2M0YzAiOnsiY3JlYXRlIjo2MDAwMDAwMDAwMDAsImRlbGV0ZSI6NjAwMDAwMDAwMDAwLCJ1cGRhdGUiOjYwMDAwMDAwMDAwMH19",
          "dependencies": [
            "data.ibm_resource_group.rg",
            "ibm_is_vpc.vpc-instance"
          ]
        },
        {
          "index_key": 1,
          "schema_version": 0,
          "attributes": {
            "available_ipv4_address_count": 121,
            "crn": "crn:v1:bluemix:public:is:br-sao-2:a/dd38434108cf46bfa9849bbaa8c80aac::subnet:02u7-c301bb90-6c85-484d-bd64-21ec584db606",
            "id": "02u7-c301bb90-6c85-484d-bd64-21ec584db606",
            "ip_version": "ipv4",
            "ipv4_cidr_block": "10.250.64.0/25",
            "ipv6_cidr_block": null,
            "name": "subnet-demo-satellite-2",
            "network_acl": "r042-9ba04d2f-0bb0-4985-a360-af3e879ecd73",
            "public_gateway": "",
            "resource_controller_url": "https://cloud.ibm.com/vpc-ext/network/subnets",
            "resource_crn": "crn:v1:bluemix:public:is:br-sao-2:a/dd38434108cf46bfa9849bbaa8c80aac::subnet:02u7-c301bb90-6c85-484d-bd64-21ec584db606",
            "resource_group": "095733377e0c45be86db243c4f15696a",
            "resource_group_name": "RG-Rafael",
            "resource_name": "subnet-demo-satellite-2",
            "resource_status": "available",
            "routing_table": "r042-f46d4bb9-beb6-4429-a5ee-5b7eb45c90d9",
            "status": "available",
            "tags": [],
            "timeouts": null,
            "total_ipv4_address_count": 128,
            "vpc": "r042-81242724-0871-4bfa-bf1f-c6e0fae14500",
            "zone": "br-sao-2"
          },
          "sensitive_attributes": [],
          "private": "eyJlMmJmYjczMC1lY2FhLTExZTYtOGY4OC0zNDM2M2JjN2M0YzAiOnsiY3JlYXRlIjo2MDAwMDAwMDAwMDAsImRlbGV0ZSI6NjAwMDAwMDAwMDAwLCJ1cGRhdGUiOjYwMDAwMDAwMDAwMH19",
          "dependencies": [
            "data.ibm_resource_group.rg",
            "ibm_is_vpc.vpc-instance"
          ]
        },
        {
          "index_key": 2,
          "schema_version": 0,
          "attributes": {
            "available_ipv4_address_count": 121,
            "crn": "crn:v1:bluemix:public:is:br-sao-3:a/dd38434108cf46bfa9849bbaa8c80aac::subnet:02v7-9e95f7c4-fe96-4ac5-a474-c6d6f18df974",
            "id": "02v7-9e95f7c4-fe96-4ac5-a474-c6d6f18df974",
            "ip_version": "ipv4",
            "ipv4_cidr_block": "10.250.128.0/25",
            "ipv6_cidr_block": null,
            "name": "subnet-demo-satellite-3",
            "network_acl": "r042-9ba04d2f-0bb0-4985-a360-af3e879ecd73",
            "public_gateway": "",
            "resource_controller_url": "https://cloud.ibm.com/vpc-ext/network/subnets",
            "resource_crn": "crn:v1:bluemix:public:is:br-sao-3:a/dd38434108cf46bfa9849bbaa8c80aac::subnet:02v7-9e95f7c4-fe96-4ac5-a474-c6d6f18df974",
            "resource_group": "095733377e0c45be86db243c4f15696a",
            "resource_group_name": "RG-Rafael",
            "resource_name": "subnet-demo-satellite-3",
            "resource_status": "available",
            "routing_table": "r042-f46d4bb9-beb6-4429-a5ee-5b7eb45c90d9",
            "status": "available",
            "tags": [],
            "timeouts": null,
            "total_ipv4_address_count": 128,
            "vpc": "r042-81242724-0871-4bfa-bf1f-c6e0fae14500",
            "zone": "br-sao-3"
          },
          "sensitive_attributes": [],
          "private": "eyJlMmJmYjczMC1lY2FhLTExZTYtOGY4OC0zNDM2M2JjN2M0YzAiOnsiY3JlYXRlIjo2MDAwMDAwMDAwMDAsImRlbGV0ZSI6NjAwMDAwMDAwMDAwLCJ1cGRhdGUiOjYwMDAwMDAwMDAwMH19",
          "dependencies": [
            "data.ibm_resource_group.rg",
            "ibm_is_vpc.vpc-instance"
          ]
        }
      ]
    },
    {
      "mode": "managed",
      "type": "ibm_is_vpc",
      "name": "vpc-instance",
      "provider": "provider[\"registry.terraform.io/ibm-cloud/ibm\"]",
      "instances": [
        {
          "schema_version": 0,
          "attributes": {
            "address_prefix_management": "auto",
            "classic_access": false,
            "crn": "crn:v1:bluemix:public:is:br-sao:a/dd38434108cf46bfa9849bbaa8c80aac::vpc:r042-81242724-0871-4bfa-bf1f-c6e0fae14500",
            "cse_source_addresses": [
              {
                "address": "10.12.183.189",
                "zone_name": "br-sao-1"
              },
              {
                "address": "10.12.78.41",
                "zone_name": "br-sao-2"
              },
              {
                "address": "10.12.89.183",
                "zone_name": "br-sao-3"
              }
            ],
            "default_network_acl": "r042-9ba04d2f-0bb0-4985-a360-af3e879ecd73",
            "default_network_acl_name": "excluded-liability-exhaust-upwind",
            "default_routing_table": "r042-f46d4bb9-beb6-4429-a5ee-5b7eb45c90d9",
            "default_routing_table_name": "vividly-oblivion-quail-lunchtime",
            "default_security_group": "r042-82004fca-b11f-45d7-8846-c83741cd3962",
            "default_security_group_name": "headland-arguably-hatbox-fee",
            "id": "r042-81242724-0871-4bfa-bf1f-c6e0fae14500",
            "name": "vpc-demo-satellite-rafael",
            "resource_controller_url": "https://cloud.ibm.com/vpc-ext/network/vpcs",
            "resource_crn": "crn:v1:bluemix:public:is:br-sao:a/dd38434108cf46bfa9849bbaa8c80aac::vpc:r042-81242724-0871-4bfa-bf1f-c6e0fae14500",
            "resource_group": "0fd056635d9a40a5813cd0713860a89d",
            "resource_group_name": "Default",
            "resource_name": "vpc-demo-satellite-rafael",
            "resource_status": "available",
            "security_group": [
              {
                "group_id": "r042-3dbae0d9-7dc4-4c1e-a8cc-4b94f544aa6c",
                "group_name": "vpc-demo-satellite-rafael-sg1",
                "rules": [
                  {
                    "code": 0,
                    "direction": "inbound",
                    "ip_version": "ipv4",
                    "port_max": 0,
                    "port_min": 0,
                    "protocol": "all",
                    "remote": "0.0.0.0/0",
                    "rule_id": "r042-29281eb7-5539-40fb-80d4-7479add0f2ba",
                    "type": 0
                  },
                  {
                    "code": 0,
                    "direction": "outbound",
                    "ip_version": "ipv4",
                    "port_max": 0,
                    "port_min": 0,
                    "protocol": "all",
                    "remote": "0.0.0.0/0",
                    "rule_id": "r042-72eab48a-c835-4ab2-8267-8fa6ee839bb9",
                    "type": 0
                  }
                ]
              },
              {
                "group_id": "r042-82004fca-b11f-45d7-8846-c83741cd3962",
                "group_name": "headland-arguably-hatbox-fee",
                "rules": [
                  {
                    "code": 0,
                    "direction": "outbound",
                    "ip_version": "ipv4",
                    "port_max": 0,
                    "port_min": 0,
                    "protocol": "all",
                    "remote": "0.0.0.0/0",
                    "rule_id": "r042-88e8c104-6d9e-441f-9365-20d1fdcf98b2",
                    "type": 0
                  },
                  {
                    "code": 0,
                    "direction": "inbound",
                    "ip_version": "ipv4",
                    "port_max": 0,
                    "port_min": 0,
                    "protocol": "all",
                    "remote": "r042-82004fca-b11f-45d7-8846-c83741cd3962",
                    "rule_id": "r042-d1f3b742-5851-460d-acde-36164f1c2e03",
                    "type": 0
                  }
                ]
              }
            ],
            "status": "available",
            "subnets": [
              {
                "available_ipv4_address_count": 121,
                "id": "02t7-15922aa4-3980-4ea7-9883-d624fb216fb5",
                "name": "subnet-demo-satellite-1",
                "status": "available",
                "total_ipv4_address_count": 128,
                "zone": "br-sao-1"
              },
              {
                "available_ipv4_address_count": 121,
                "id": "02u7-c301bb90-6c85-484d-bd64-21ec584db606",
                "name": "subnet-demo-satellite-2",
                "status": "available",
                "total_ipv4_address_count": 128,
                "zone": "br-sao-2"
              },
              {
                "available_ipv4_address_count": 121,
                "id": "02v7-9e95f7c4-fe96-4ac5-a474-c6d6f18df974",
                "name": "subnet-demo-satellite-3",
                "status": "available",
                "total_ipv4_address_count": 128,
                "zone": "br-sao-3"
              }
            ],
            "tags": [],
            "timeouts": null
          },
          "sensitive_attributes": [],
          "private": "eyJlMmJmYjczMC1lY2FhLTExZTYtOGY4OC0zNDM2M2JjN2M0YzAiOnsiY3JlYXRlIjo2MDAwMDAwMDAwMDAsImRlbGV0ZSI6NjAwMDAwMDAwMDAwfX0="
        }
      ]
    }
  ]
}
